
Microsoft Visual Studio Solution File, Format Version 12.00
# Visual Studio Version 16
VisualStudioVersion = 16.0.30907.101
MinimumVisualStudioVersion = 10.0.40219.1
Project("{9A19103F-16F7-4668-BE54-9A1E7A4F7556}") = "TMS.Business", "TMS.Business\TMS.Business.csproj", "{A1D21726-4061-4BEF-B164-E3FB822DFF48}"
EndProject
Project("{9A19103F-16F7-4668-BE54-9A1E7A4F7556}") = "TMS.DataAccess", "TMS.DataAccess\TMS.DataAccess.csproj", "{649CA782-18FD-494E-A4AE-4F1E1769F3ED}"
EndProject
Project("{9A19103F-16F7-4668-BE54-9A1E7A4F7556}") = "TMS.Common", "TMS.Common\TMS.Common.csproj", "{6825820B-C4A8-4723-858A-BD45D9FCD0E9}"
EndProject
Project("{FAE04EC0-301F-11D3-BF4B-00C04F79EFBC}") = "TMS.Service", "TMS.Service\TMS.Service.csproj", "{3946C92C-9751-465C-8361-25ED59E93D10}"
EndProject
Global
	GlobalSection(SolutionConfigurationPlatforms) = preSolution
		Debug|Any CPU = Debug|Any CPU
		Release|Any CPU = Release|Any CPU
	EndGlobalSection
	GlobalSection(ProjectConfigurationPlatforms) = postSolution
		{A1D21726-4061-4BEF-B164-E3FB822DFF48}.Debug|Any CPU.ActiveCfg = Debug|Any CPU
		{A1D21726-4061-4BEF-B164-E3FB822DFF48}.Debug|Any CPU.Build.0 = Debug|Any CPU
		{A1D21726-4061-4BEF-B164-E3FB822DFF48}.Release|Any CPU.ActiveCfg = Release|Any CPU
		{A1D21726-4061-4BEF-B164-E3FB822DFF48}.Release|Any CPU.Build.0 = Release|Any CPU
		{649CA782-18FD-494E-A4AE-4F1E1769F3ED}.Debug|Any CPU.ActiveCfg = Debug|Any CPU
		{649CA782-18FD-494E-A4AE-4F1E1769F3ED}.Debug|Any CPU.Build.0 = Debug|Any CPU
		{649CA782-18FD-494E-A4AE-4F1E1769F3ED}.Release|Any CPU.ActiveCfg = Release|Any CPU
		{649CA782-18FD-494E-A4AE-4F1E1769F3ED}.Release|Any CPU.Build.0 = Release|Any CPU
		{6825820B-C4A8-4723-858A-BD45D9FCD0E9}.Debug|Any CPU.ActiveCfg = Debug|Any CPU
		{6825820B-C4A8-4723-858A-BD45D9FCD0E9}.Debug|Any CPU.Build.0 = Debug|Any CPU
		{6825820B-C4A8-4723-858A-BD45D9FCD0E9}.Release|Any CPU.ActiveCfg = Release|Any CPU
		{6825820B-C4A8-4723-858A-BD45D9FCD0E9}.Release|Any CPU.Build.0 = Release|Any CPU
		{3946C92C-9751-465C-8361-25ED59E93D10}.Debug|Any CPU.ActiveCfg = Debug|Any CPU
		{3946C92C-9751-465C-8361-25ED59E93D10}.Debug|Any CPU.Build.0 = Debug|Any CPU
		{3946C92C-9751-465C-8361-25ED59E93D10}.Release|Any CPU.ActiveCfg = Release|Any CPU
		{3946C92C-9751-465C-8361-25ED59E93D10}.Release|Any CPU.Build.0 = Release|Any CPU
	EndGlobalSection
	GlobalSection(SolutionProperties) = preSolution
		HideSolutionNode = FALSE
	EndGlobalSection
	GlobalSection(ExtensibilityGlobals) = postSolution
		SolutionGuid = {B966A6E6-73C4-4719-9F85-EB4B8A664648}
	EndGlobalSection
EndGlobal
